hash: b13954cb0efb92bac9de83c8f4035edb7adcfe31501287bac963fa15e026068e
updated: 2017-06-03T13:02:08.2496155-07:00
imports:
- name: github.com/op/go-logging
  version: b2cb9fa56473e98db8caba80237377e83fe44db5
- name: github.com/rwcarlsen/goexif
  version: 709fab3d192d7c62f86043caff1e7e3fb0f42bd8
  subpackages:
  - exif
  - tiff
- name: golang.org/x/image
  version: 426cfd8eeb6e08ab1932954e09e3c2cb2bc6e36d
  subpackages:
  - bmp
- name: s.mcquay.me/sm/mov
  version: 33ad165fbca18c419ac582c51b7f268bbf6c8397
testImports: []
